{
  "name": "system3x",
  "version": "0.4.0",
  "lockfileVersion": 2,
  "requires": true,
  "packages": {
    "": {
      "name": "system3x",
      "version": "0.4.0",
      "license": "MIT",
      "dependencies": {
        "@types/node": "14.x",
        "@types/vscode": "1.62.0",
        "typescript": "^5.2.2"
      },
      "engines": {
        "vscode": "^1.62.0"
      }
    },
    "node_modules/@types/node": {
      "version": "14.17.5",
      "resolved": "https://registry.npmjs.org/@types/node/-/node-14.17.5.tgz",
      "integrity": "sha512-bjqH2cX/O33jXT/UmReo2pM7DIJREPMnarixbQ57DOOzzFaI6D2+IcwaJQaJpv0M1E9TIhPCYVxrkcityLjlqA=="
    },
    "node_modules/@types/vscode": {
      "version": "1.62.0",
      "resolved": "https://registry.npmjs.org/@types/vscode/-/vscode-1.62.0.tgz",
      "integrity": "sha512-iGlQJ1w5e3qPUryroO6v4lxg3ql1ztdTCwQW3xEwFawdyPLoeUSv48SYfMwc7kQA7h6ThUqflZIjgKAykeF9oA=="
    },
    "node_modules/typescript": {
      "version": "5.2.2",
      "resolved": "https://registry.npmjs.org/typescript/-/typescript-5.2.2.tgz",
      "integrity": "sha512-mI4WrpHsbCIcwT9cF4FZvr80QUeKvsUsUvKDoR+X/7XHQH98xYD8YHZg7ANtz2GtZt/CBq2QJ0thkGJMHfqc1w==",
      "bin": {
        "tsc": "bin/tsc",
        "tsserver": "bin/tsserver"
      },
      "engines": {
        "node": ">=14.17"
      }
    }
  },
  "dependencies": {
    "@types/node": {
      "version": "14.17.5",
      "resolved": "https://registry.npmjs.org/@types/node/-/node-14.17.5.tgz",
      "integrity": "sha512-bjqH2cX/O33jXT/UmReo2pM7DIJREPMnarixbQ57DOOzzFaI6D2+IcwaJQaJpv0M1E9TIhPCYVxrkcityLjlqA=="
    },
    "@types/vscode": {
      "version": "1.62.0",
      "resolved": "https://registry.npmjs.org/@types/vscode/-/vscode-1.62.0.tgz",
      "integrity": "sha512-iGlQJ1w5e3qPUryroO6v4lxg3ql1ztdTCwQW3xEwFawdyPLoeUSv48SYfMwc7kQA7h6ThUqflZIjgKAykeF9oA=="
    },
    "typescript": {
      "version": "5.2.2",
      "resolved": "https://registry.npmjs.org/typescript/-/typescript-5.2.2.tgz",
      "integrity": "sha512-mI4WrpHsbCIcwT9cF4FZvr80QUeKvsUsUvKDoR+X/7XHQH98xYD8YHZg7ANtz2GtZt/CBq2QJ0thkGJMHfqc1w=="
    }
  }
}
